{
  "name": "@bit/bit.envs.common.isolate",
  "version": "0.0.15",
  "lockfileVersion": 1,
  "requires": true,
  "dependencies": {
    "@types/node": {
      "version": "12.12.67",
      "resolved": "https://registry.npmjs.org/@types/node/-/node-12.12.67.tgz",
      "integrity": "sha512-R48tgL2izApf+9rYNH+3RBMbRpPeW3N8f0I9HMhggeq4UXwBDqumJ14SDs4ctTMhG11pIOduZ4z3QWGOiMc9Vg==",
      "dev": true
    }
  }
}
